github.com/raphaelreyna/go-nonstdlib/funct v0.0.0-20200126081120-bfd0ff499406 h1:8ykhX63Zx7wjoLEmMssNTpgVAPiolZPnD7RDStLNodk=
github.com/raphaelreyna/go-nonstdlib/funct v0.0.0-20200126081120-bfd0ff499406/go.mod h1:Yk5Fj0fpmuUl7GJbvUNTnfzwz2IWbYyBCecNjocKVFA=
github.com/raphaelreyna/go-nonstdlib/funct v0.0.0-20200126205152-e04426577d05 h1:+wg+6zkDXGZ7eo0WDHYPC7S038TWqZSRcgOwYNWktdI=
github.com/raphaelreyna/go-nonstdlib/funct v0.0.0-20200126205152-e04426577d05/go.mod h1:Yk5Fj0fpmuUl7GJbvUNTnfzwz2IWbYyBCecNjocKVFA=
