github.com/raphaelreyna/go-nonstdlib v0.1.0 h1:OOHwDZt/0+HR0jmBIvZdWsDvxbtuP7dS5Z0duZ4eGpg=
github.com/raphaelreyna/go-nonstdlib/funct v0.0.0-20200126034332-1f0e0bea0c37/go.mod h1:Yk5Fj0fpmuUl7GJbvUNTnfzwz2IWbYyBCecNjocKVFA=
github.com/raphaelreyna/go-nonstdlib/funct v0.0.0-20200126052100-6d98f4bb54e9/go.mod h1:Yk5Fj0fpmuUl7GJbvUNTnfzwz2IWbYyBCecNjocKVFA=
github.com/raphaelreyna/go-nonstdlib/funct v0.0.0-20200126081120-bfd0ff499406 h1:8ykhX63Zx7wjoLEmMssNTpgVAPiolZPnD7RDStLNodk=
github.com/raphaelreyna/go-nonstdlib/funct v0.0.0-20200126081120-bfd0ff499406/go.mod h1:Yk5Fj0fpmuUl7GJbvUNTnfzwz2IWbYyBCecNjocKVFA=
github.com/raphaelreyna/go-nonstdlib/funct v0.0.0-20200126205152-e04426577d05 h1:+wg+6zkDXGZ7eo0WDHYPC7S038TWqZSRcgOwYNWktdI=
github.com/raphaelreyna/go-nonstdlib/funct v0.0.0-20200126205152-e04426577d05/go.mod h1:Yk5Fj0fpmuUl7GJbvUNTnfzwz2IWbYyBCecNjocKVFA=
github.com/raphaelreyna/go-nonstdlib/httpt v0.0.0-20200126052100-6d98f4bb54e9/go.mod h1:Q91SHWBurAEe31DTzIhI1lIFNurghPjb+Xha3/6CQuA=
github.com/raphaelreyna/go-nonstdlib/httpt/apit v0.0.0-20200126222954-facf90068852 h1:WVvcz6ZHLre2UOInuvqJoqYlnw90sIdAMxL7iRu+OC0=
github.com/raphaelreyna/go-nonstdlib/httpt/apit v0.0.0-20200126222954-facf90068852/go.mod h1:CrPhrA+UCsfUKBVIL+knQbB5Py3gWIUYNryXcvgavNw=
